
Microsoft Visual Studio Solution File, Format Version 12.00
# Visual Studio Version 17
VisualStudioVersion = 17.1.32228.430
MinimumVisualStudioVersion = 10.0.40219.1
Project("{2150E333-8FDC-42A3-9474-1A3956D46DE8}") = "src", "src", "{B8C1F910-EC75-400F-97BF-3C71FD627EF8}"
	ProjectSection(SolutionItems) = preProject
		src\MSSQL.cs = src\MSSQL.cs
	EndProjectSection
EndProject
Project("{2150E333-8FDC-42A3-9474-1A3956D46DE8}") = ".github", ".github", "{2822DE9A-BA4C-43CF-8E58-B6E301FCC80A}"
EndProject
Project("{2150E333-8FDC-42A3-9474-1A3956D46DE8}") = "workflows", "workflows", "{EEAABC31-E2F0-43E5-A356-79DD16ED2D2A}"
	ProjectSection(SolutionItems) = preProject
		.github\workflows\build_8.0.yml = .github\workflows\build_8.0.yml
		.github\workflows\build_9.0.yml = .github\workflows\build_9.0.yml
	EndProjectSection
EndProject
Project("{2150E333-8FDC-42A3-9474-1A3956D46DE8}") = "솔루션 항목", "솔루션 항목", "{B1C47619-0881-4231-8B74-B64BEE8A0840}"
	ProjectSection(SolutionItems) = preProject
		.gitignore = .gitignore
		LICENSE = LICENSE
		README.md = README.md
	EndProjectSection
EndProject
Project("{9A19103F-16F7-4668-BE54-9A1E7A4F7556}") = "MetaFrm.Database.MSSQL(net8.0)", "MetaFrm.Database.MSSQL(net8.0)\MetaFrm.Database.MSSQL(net8.0).csproj", "{D935A7A4-A7C4-49CF-A255-EFC143AC1C5C}"
EndProject
Project("{FAE04EC0-301F-11D3-BF4B-00C04F79EFBC}") = "MetaFrm.Database.MSSQL(net9.0)", "MetaFrm.Database.MSSQL(net9.0)\MetaFrm.Database.MSSQL(net9.0).csproj", "{9E00221F-BB3F-40BE-8EE8-963FAAA82F69}"
EndProject
Global
	GlobalSection(SolutionConfigurationPlatforms) = preSolution
		Debug|Any CPU = Debug|Any CPU
		Release|Any CPU = Release|Any CPU
	EndGlobalSection
	GlobalSection(ProjectConfigurationPlatforms) = postSolution
		{D935A7A4-A7C4-49CF-A255-EFC143AC1C5C}.Debug|Any CPU.ActiveCfg = Debug|Any CPU
		{D935A7A4-A7C4-49CF-A255-EFC143AC1C5C}.Debug|Any CPU.Build.0 = Debug|Any CPU
		{D935A7A4-A7C4-49CF-A255-EFC143AC1C5C}.Release|Any CPU.ActiveCfg = Release|Any CPU
		{D935A7A4-A7C4-49CF-A255-EFC143AC1C5C}.Release|Any CPU.Build.0 = Release|Any CPU
		{9E00221F-BB3F-40BE-8EE8-963FAAA82F69}.Debug|Any CPU.ActiveCfg = Debug|Any CPU
		{9E00221F-BB3F-40BE-8EE8-963FAAA82F69}.Debug|Any CPU.Build.0 = Debug|Any CPU
		{9E00221F-BB3F-40BE-8EE8-963FAAA82F69}.Release|Any CPU.ActiveCfg = Release|Any CPU
		{9E00221F-BB3F-40BE-8EE8-963FAAA82F69}.Release|Any CPU.Build.0 = Release|Any CPU
	EndGlobalSection
	GlobalSection(SolutionProperties) = preSolution
		HideSolutionNode = FALSE
	EndGlobalSection
	GlobalSection(NestedProjects) = preSolution
		{EEAABC31-E2F0-43E5-A356-79DD16ED2D2A} = {2822DE9A-BA4C-43CF-8E58-B6E301FCC80A}
	EndGlobalSection
	GlobalSection(ExtensibilityGlobals) = postSolution
		SolutionGuid = {54200B6E-61F3-48EA-9133-9CBD96AB7B8B}
	EndGlobalSection
EndGlobal
